// !$*UTF8*$!
{
	archiveVersion = 1;
	classes = {
	};
	objectVersion = 46;
	objects = {

/* Begin PBXBuildFile section */
		6DFA8EE01B1D1DE1008E11F2 /* AppDelegate.swift in Sources */ = {isa = PBXBuildFile; fileRef = 6DFA8EDF1B1D1DE1008E11F2 /* AppDelegate.swift */; };
		6DFA8EE21B1D1DE1008E11F2 /* ViewController.swift in Sources */ = {isa = PBXBuildFile; fileRef = 6DFA8EE11B1D1DE1008E11F2 /* ViewController.swift */; };
		6DFA8EE51B1D1DE1008E11F2 /* Main.storyboard in Resources */ = {isa = PBXBuildFile; fileRef = 6DFA8EE31B1D1DE1008E11F2 /* Main.storyboard */; };
		6DFA8EE71B1D1DE1008E11F2 /* Images.xcassets in Resources */ = {isa = PBXBuildFile; fileRef = 6DFA8EE61B1D1DE1008E11F2 /* Images.xcassets */; };
		6DFA8EEA1B1D1DE1008E11F2 /* LaunchScreen.xib in Resources */ = {isa = PBXBuildFile; fileRef = 6DFA8EE81B1D1DE1008E11F2 /* LaunchScreen.xib */; };
		6DFA8EF61B1D1DE1008E11F2 /* Word_CountTests.swift in Sources */ = {isa = PBXBuildFile; fileRef = 6DFA8EF51B1D1DE1008E11F2 /* Word_CountTests.swift */; };
		6DFA8F001B1D1E22008E11F2 /* WordCount.swift in Sources */ = {isa = PBXBuildFile; fileRef = 6DFA8EFF1B1D1E22008E11F2 /* WordCount.swift */; };
		6DFA8F011B1D1E22008E11F2 /* WordCount.swift in Sources */ = {isa = PBXBuildFile; fileRef = 6DFA8EFF1B1D1E22008E11F2 /* WordCount.swift */; };
/* End PBXBuildFile section */

/* Begin PBXContainerItemProxy section */
		6DFA8EF01B1D1DE1008E11F2 /* PBXContainerItemProxy */ = {
			isa = PBXContainerItemProxy;
			containerPortal = 6DFA8ED21B1D1DE1008E11F2 /* Project object */;
			proxyType = 1;
			remoteGlobalIDString = 6DFA8ED91B1D1DE1008E11F2;
			remoteInfo = "Word Count";
		};
/* End PBXContainerItemProxy section */

/* Begin PBXFileReference section */
		6D64DFBD1B3E5CDE00CFD0A9 /* README.md */ = {isa = PBXFileReference; lastKnownFileType = net.daringfireball.markdown; path = README.md; sourceTree = "<group>"; };
		6DFA8EDA1B1D1DE1008E11F2 /* Word Count.app */ = {isa = PBXFileReference; explicitFileType = wrapper.application; includeInIndex = 0; path = "Word Count.app"; sourceTree = BUILT_PRODUCTS_DIR; };
		6DFA8EDE1B1D1DE1008E11F2 /* Info.plist */ = {isa = PBXFileReference; lastKnownFileType = text.plist.xml; path = Info.plist; sourceTree = "<group>"; };
		6DFA8EDF1B1D1DE1008E11F2 /* AppDelegate.swift */ = {isa = PBXFileReference; lastKnownFileType = sourcecode.swift; path = AppDelegate.swift; sourceTree = "<group>"; };
		6DFA8EE11B1D1DE1008E11F2 /* ViewController.swift */ = {isa = PBXFileReference; lastKnownFileType = sourcecode.swift; path = ViewController.swift; sourceTree = "<group>"; };
		6DFA8EE41B1D1DE1008E11F2 /* Base */ = {isa = PBXFileReference; lastKnownFileType = file.storyboard; name = Base; path = Base.lproj/Main.storyboard; sourceTree = "<group>"; };
		6DFA8EE61B1D1DE1008E11F2 /* Images.xcassets */ = {isa = PBXFileReference; lastKnownFileType = folder.assetcatalog; path = Images.xcassets; sourceTree = "<group>"; };
		6DFA8EE91B1D1DE1008E11F2 /* Base */ = {isa = PBXFileReference; lastKnownFileType = file.xib; name = Base; path = Base.lproj/LaunchScreen.xib; sourceTree = "<group>"; };
		6DFA8EEF1B1D1DE1008E11F2 /* Word CountTests.xctest */ = {isa = PBXFileReference; explicitFileType = wrapper.cfbundle; includeInIndex = 0; path = "Word CountTests.xctest"; sourceTree = BUILT_PRODUCTS_DIR; };
		6DFA8EF41B1D1DE1008E11F2 /* Info.plist */ = {isa = PBXFileReference; lastKnownFileType = text.plist.xml; path = Info.plist; sourceTree = "<group>"; };
		6DFA8EF51B1D1DE1008E11F2 /* Word_CountTests.swift */ = {isa = PBXFileReference; lastKnownFileType = sourcecode.swift; path = Word_CountTests.swift; sourceTree = "<group>"; };
		6DFA8EFF1B1D1E22008E11F2 /* WordCount.swift */ = {isa = PBXFileReference; fileEncoding = 4; lastKnownFileType = sourcecode.swift; path = WordCount.swift; sourceTree = "<group>"; };
/* End PBXFileReference section */

/* Begin PBXFrameworksBuildPhase section */
		6DFA8ED71B1D1DE1008E11F2 /* Frameworks */ = {
			isa = PBXFrameworksBuildPhase;
			buildActionMask = 2147483647;
			files = (
			);
			runOnlyForDeploymentPostprocessing = 0;
		};
		6DFA8EEC1B1D1DE1008E11F2 /* Frameworks */ = {
			isa = PBXFrameworksBuildPhase;
			buildActionMask = 2147483647;
			files = (
			);
			runOnlyForDeploymentPostprocessing = 0;
		};
/* End PBXFrameworksBuildPhase section */

/* Begin PBXGroup section */
		6DFA8ED11B1D1DE1008E11F2 = {
			isa = PBXGroup;
			children = (
				6D64DFBD1B3E5CDE00CFD0A9 /* README.md */,
				6DFA8EDC1B1D1DE1008E11F2 /* Word Count */,
				6DFA8EF21B1D1DE1008E11F2 /* Word CountTests */,
				6DFA8EDB1B1D1DE1008E11F2 /* Products */,
			);
			sourceTree = "<group>";
		};
		6DFA8EDB1B1D1DE1008E11F2 /* Products */ = {
			isa = PBXGroup;
			children = (
				6DFA8EDA1B1D1DE1008E11F2 /* Word Count.app */,
				6DFA8EEF1B1D1DE1008E11F2 /* Word CountTests.xctest */,
			);
			name = Products;
			sourceTree = "<group>";
		};
		6DFA8EDC1B1D1DE1008E11F2 /* Word Count */ = {
			isa = PBXGroup;
			children = (
				6DFA8EDF1B1D1DE1008E11F2 /* AppDelegate.swift */,
				6DFA8EE11B1D1DE1008E11F2 /* ViewController.swift */,
				6DFA8EE31B1D1DE1008E11F2 /* Main.storyboard */,
				6DFA8EE61B1D1DE1008E11F2 /* Images.xcassets */,
				6DFA8EE81B1D1DE1008E11F2 /* LaunchScreen.xib */,
				6DFA8EDD1B1D1DE1008E11F2 /* Supporting Files */,
				6DFA8EFF1B1D1E22008E11F2 /* WordCount.swift */,
			);
			path = "Word Count";
			sourceTree = "<group>";
		};
		6DFA8EDD1B1D1DE1008E11F2 /* Supporting Files */ = {
			isa = PBXGroup;
			children = (
				6DFA8EDE1B1D1DE1008E11F2 /* Info.plist */,
			);
			name = "Supporting Files";
			sourceTree = "<group>";
		};
		6DFA8EF21B1D1DE1008E11F2 /* Word CountTests */ = {
			isa = PBXGroup;
			children = (
				6DFA8EF51B1D1DE1008E11F2 /* Word_CountTests.swift */,
				6DFA8EF31B1D1DE1008E11F2 /* Supporting Files */,
			);
			path = "Word CountTests";
			sourceTree = "<group>";
		};
		6DFA8EF31B1D1DE1008E11F2 /* Supporting Files */ = {
			isa = PBXGroup;
			children = (
				6DFA8EF41B1D1DE1008E11F2 /* Info.plist */,
			);
			name = "Supporting Files";
			sourceTree = "<group>";
		};
/* End PBXGroup section */

/* Begin PBXNativeTarget section */
		6DFA8ED91B1D1DE1008E11F2 /* Word Count */ = {
			isa = PBXNativeTarget;
			buildConfigurationList = 6DFA8EF91B1D1DE1008E11F2 /* Build configuration list for PBXNativeTarget "Word Count" */;
			buildPhases = (
				6DFA8ED61B1D1DE1008E11F2 /* Sources */,
				6DFA8ED71B1D1DE1008E11F2 /* Frameworks */,
				6DFA8ED81B1D1DE1008E11F2 /* Resources */,
			);
			buildRules = (
			);
			dependencies = (
			);
			name = "Word Count";
			productName = "Word Count";
			productReference = 6DFA8EDA1B1D1DE1008E11F2 /* Word Count.app */;
			productType = "com.apple.product-type.application";
		};
		6DFA8EEE1B1D1DE1008E11F2 /* Word CountTests */ = {
			isa = PBXNativeTarget;
			buildConfigurationList = 6DFA8EFC1B1D1DE1008E11F2 /* Build configuration list for PBXNativeTarget "Word CountTests" */;
			buildPhases = (
				6DFA8EEB1B1D1DE1008E11F2 /* Sources */,
				6DFA8EEC1B1D1DE1008E11F2 /* Frameworks */,
				6DFA8EED1B1D1DE1008E11F2 /* Resources */,
			);
			buildRules = (
			);
			dependencies = (
				6DFA8EF11B1D1DE1008E11F2 /* PBXTargetDependency */,
			);
			name = "Word CountTests";
			productName = "Word CountTests";
			productReference = 6DFA8EEF1B1D1DE1008E11F2 /* Word CountTests.xctest */;
			productType = "com.apple.product-type.bundle.unit-test";
		};
/* End PBXNativeTarget section */

/* Begin PBXProject section */
		6DFA8ED21B1D1DE1008E11F2 /* Project object */ = {
			isa = PBXProject;
			attributes = {
				LastUpgradeCheck = 0630;
				ORGANIZATIONNAME = "Damien Burke";
				TargetAttributes = {
					6DFA8ED91B1D1DE1008E11F2 = {
						CreatedOnToolsVersion = 6.3.2;
					};
					6DFA8EEE1B1D1DE1008E11F2 = {
						CreatedOnToolsVersion = 6.3.2;
						TestTargetID = 6DFA8ED91B1D1DE1008E11F2;
					};
				};
			};
			buildConfigurationList = 6DFA8ED51B1D1DE1008E11F2 /* Build configuration list for PBXProject "Word Count" */;
			compatibilityVersion = "Xcode 3.2";
			developmentRegion = English;
			hasScannedForEncodings = 0;
			knownRegions = (
				en,
				Base,
			);
			mainGroup = 6DFA8ED11B1D1DE1008E11F2;
			productRefGroup = 6DFA8EDB1B1D1DE1008E11F2 /* Products */;
			projectDirPath = "";
			projectRoot = "";
			targets = (
				6DFA8ED91B1D1DE1008E11F2 /* Word Count */,
				6DFA8EEE1B1D1DE1008E11F2 /* Word CountTests */,
			);
		};
/* End PBXProject section */

/* Begin PBXResourcesBuildPhase section */
		6DFA8ED81B1D1DE1008E11F2 /* Resources */ = {
			isa = PBXResourcesBuildPhase;
			buildActionMask = 2147483647;
			files = (
				6DFA8EE51B1D1DE1008E11F2 /* Main.storyboard in Resources */,
				6DFA8EEA1B1D1DE1008E11F2 /* LaunchScreen.xib in Resources */,
				6DFA8EE71B1D1DE1008E11F2 /* Images.xcassets in Resources */,
			);
			runOnlyForDeploymentPostprocessing = 0;
		};
		6DFA8EED1B1D1DE1008E11F2 /* Resources */ = {
			isa = PBXResourcesBuildPhase;
			buildActionMask = 2147483647;
			files = (
			);
			runOnlyForDeploymentPostprocessing = 0;
		};
/* End PBXResourcesBuildPhase section */

/* Begin PBXSourcesBuildPhase section */
		6DFA8ED61B1D1DE1008E11F2 /* Sources */ = {
			isa = PBXSourcesBuildPhase;
			buildActionMask = 2147483647;
			files = (
				6DFA8F001B1D1E22008E11F2 /* WordCount.swift in Sources */,
				6DFA8EE21B1D1DE1008E11F2 /* ViewController.swift in Sources */,
				6DFA8EE01B1D1DE1008E11F2 /* AppDelegate.swift in Sources */,
			);
			runOnlyForDeploymentPostprocessing = 0;
		};
		6DFA8EEB1B1D1DE1008E11F2 /* Sources */ = {
			isa = PBXSourcesBuildPhase;
			buildActionMask = 2147483647;
			files = (
				6DFA8EF61B1D1DE1008E11F2 /* Word_CountTests.swift in Sources */,
				6DFA8F011B1D1E22008E11F2 /* WordCount.swift in Sources */,
			);
			runOnlyForDeploymentPostprocessing = 0;
		};
/* End PBXSourcesBuildPhase section */

/* Begin PBXTargetDependency section */
		6DFA8EF11B1D1DE1008E11F2 /* PBXTargetDependency */ = {
			isa = PBXTargetDependency;
			target = 6DFA8ED91B1D1DE1008E11F2 /* Word Count */;
			targetProxy = 6DFA8EF01B1D1DE1008E11F2 /* PBXContainerItemProxy */;
		};
/* End PBXTargetDependency section */

/* Begin PBXVariantGroup section */
		6DFA8EE31B1D1DE1008E11F2 /* Main.storyboard */ = {
			isa = PBXVariantGroup;
			children = (
				6DFA8EE41B1D1DE1008E11F2 /* Base */,
			);
			name = Main.storyboard;
			sourceTree = "<group>";
		};
		6DFA8EE81B1D1DE1008E11F2 /* LaunchScreen.xib */ = {
			isa = PBXVariantGroup;
			children = (
				6DFA8EE91B1D1DE1008E11F2 /* Base */,
			);
			name = LaunchScreen.xib;
			sourceTree = "<group>";
		};
/* End PBXVariantGroup section */

/* Begin XCBuildConfiguration section */
		6DFA8EF71B1D1DE1008E11F2 /* Debug */ = {
			isa = XCBuildConfiguration;
			buildSettings = {
				ALWAYS_SEARCH_USER_PATHS = NO;
				CLANG_CXX_LANGUAGE_STANDARD = "gnu++0x";
				CLANG_CXX_LIBRARY = "libc++";
				CLANG_ENABLE_MODULES = YES;
				CLANG_ENABLE_OBJC_ARC = YES;
				CLANG_WARN_BOOL_CONVERSION = YES;
				CLANG_WARN_CONSTANT_CONVERSION = YES;
				CLANG_WARN_DIRECT_OBJC_ISA_USAGE = YES_ERROR;
				CLANG_WARN_EMPTY_BODY = YES;
				CLANG_WARN_ENUM_CONVERSION = YES;
				CLANG_WARN_INT_CONVERSION = YES;
				CLANG_WARN_OBJC_ROOT_CLASS = YES_ERROR;
				CLANG_WARN_UNREACHABLE_CODE = YES;
				CLANG_WARN__DUPLICATE_METHOD_MATCH = YES;
				"CODE_SIGN_IDENTITY[sdk=iphoneos*]" = "iPhone Developer";
				COPY_PHASE_STRIP = NO;
				DEBUG_INFORMATION_FORMAT = "dwarf-with-dsym";
				ENABLE_STRICT_OBJC_MSGSEND = YES;
				GCC_C_LANGUAGE_STANDARD = gnu99;
				GCC_DYNAMIC_NO_PIC = NO;
				GCC_NO_COMMON_BLOCKS = YES;
				GCC_OPTIMIZATION_LEVEL = 0;
				GCC_PREPROCESSOR_DEFINITIONS = (
					"DEBUG=1",
					"$(inherited)",
				);
				GCC_SYMBOLS_PRIVATE_EXTERN = NO;
				GCC_WARN_64_TO_32_BIT_CONVERSION = YES;
				GCC_WARN_ABOUT_RETURN_TYPE = YES_ERROR;
				GCC_WARN_UNDECLARED_SELECTOR = YES;
				GCC_WARN_UNINITIALIZED_AUTOS = YES_AGGRESSIVE;
				GCC_WARN_UNUSED_FUNCTION = YES;
				GCC_WARN_UNUSED_VARIABLE = YES;
				IPHONEOS_DEPLOYMENT_TARGET = 8.3;
				MTL_ENABLE_DEBUG_INFO = YES;
				ONLY_ACTIVE_ARCH = YES;
				SDKROOT = iphoneos;
				SWIFT_OPTIMIZATION_LEVEL = "-Onone";
			};
			name = Debug;
		};
		6DFA8EF81B1D1DE1008E11F2 /* Release */ = {
			isa = XCBuildConfiguration;
			buildSettings = {
				ALWAYS_SEARCH_USER_PATHS = NO;
				CLANG_CXX_LANGUAGE_STANDARD = "gnu++0x";
				CLANG_CXX_LIBRARY = "libc++";
				CLANG_ENABLE_MODULES = YES;
				CLANG_ENABLE_OBJC_ARC = YES;
				CLANG_WARN_BOOL_CONVERSION = YES;
				CLANG_WARN_CONSTANT_CONVERSION = YES;
				CLANG_WARN_DIRECT_OBJC_ISA_USAGE = YES_ERROR;
				CLANG_WARN_EMPTY_BODY = YES;
				CLANG_WARN_ENUM_CONVERSION = YES;
				CLANG_WARN_INT_CONVERSION = YES;
				CLANG_WARN_OBJC_ROOT_CLASS = YES_ERROR;
				CLANG_WARN_UNREACHABLE_CODE = YES;
				CLANG_WARN__DUPLICATE_METHOD_MATCH = YES;
				"CODE_SIGN_IDENTITY[sdk=iphoneos*]" = "iPhone Developer";
				COPY_PHASE_STRIP = NO;
				DEBUG_INFORMATION_FORMAT = "dwarf-with-dsym";
				ENABLE_NS_ASSERTIONS = NO;
				ENABLE_STRICT_OBJC_MSGSEND = YES;
				GCC_C_LANGUAGE_STANDARD = gnu99;
				GCC_NO_COMMON_BLOCKS = YES;
				GCC_WARN_64_TO_32_BIT_CONVERSION = YES;
				GCC_WARN_ABOUT_RETURN_TYPE = YES_ERROR;
				GCC_WARN_UNDECLARED_SELECTOR = YES;
				GCC_WARN_UNINITIALIZED_AUTOS = YES_AGGRESSIVE;
				GCC_WARN_UNUSED_FUNCTION = YES;
				GCC_WARN_UNUSED_VARIABLE = YES;
				IPHONEOS_DEPLOYMENT_TARGET = 8.3;
				MTL_ENABLE_DEBUG_INFO = NO;
				SDKROOT = iphoneos;
				VALIDATE_PRODUCT = YES;
			};
			name = Release;
		};
		6DFA8EFA1B1D1DE1008E11F2 /* Debug */ = {
			isa = XCBuildConfiguration;
			buildSettings = {
				ASSETCATALOG_COMPILER_APPICON_NAME = AppIcon;
				INFOPLIST_FILE = "Word Count/Info.plist";
				LD_RUNPATH_SEARCH_PATHS = "$(inherited) @executable_path/Frameworks";
				PRODUCT_NAME = "$(TARGET_NAME)";
			};
			name = Debug;
		};
		6DFA8EFB1B1D1DE1008E11F2 /* Release */ = {
			isa = XCBuildConfiguration;
			buildSettings = {
				ASSETCATALOG_COMPILER_APPICON_NAME = AppIcon;
				INFOPLIST_FILE = "Word Count/Info.plist";
				LD_RUNPATH_SEARCH_PATHS = "$(inherited) @executable_path/Frameworks";
				PRODUCT_NAME = "$(TARGET_NAME)";
			};
			name = Release;
		};
		6DFA8EFD1B1D1DE1008E11F2 /* Debug */ = {
			isa = XCBuildConfiguration;
			buildSettings = {
				BUNDLE_LOADER = "$(TEST_HOST)";
				FRAMEWORK_SEARCH_PATHS = (
					"$(SDKROOT)/Developer/Library/Frameworks",
					"$(inherited)",
				);
				GCC_PREPROCESSOR_DEFINITIONS = (
					"DEBUG=1",
					"$(inherited)",
				);
				INFOPLIST_FILE = "Word CountTests/Info.plist";
				LD_RUNPATH_SEARCH_PATHS = "$(inherited) @executable_path/Frameworks @loader_path/Frameworks";
				PRODUCT_NAME = "$(TARGET_NAME)";
				TEST_HOST = "$(BUILT_PRODUCTS_DIR)/Word Count.app/Word Count";
			};
			name = Debug;
		};
		6DFA8EFE1B1D1DE1008E11F2 /* Release */ = {
			isa = XCBuildConfiguration;
			buildSettings = {
				BUNDLE_LOADER = "$(TEST_HOST)";
				FRAMEWORK_SEARCH_PATHS = (
					"$(SDKROOT)/Developer/Library/Frameworks",
					"$(inherited)",
				);
				INFOPLIST_FILE = "Word CountTests/Info.plist";
				LD_RUNPATH_SEARCH_PATHS = "$(inherited) @executable_path/Frameworks @loader_path/Frameworks";
				PRODUCT_NAME = "$(TARGET_NAME)";
				TEST_HOST = "$(BUILT_PRODUCTS_DIR)/Word Count.app/Word Count";
			};
			name = Release;
		};
/* End XCBuildConfiguration section */

/* Begin XCConfigurationList section */
		6DFA8ED51B1D1DE1008E11F2 /* Build configuration list for PBXProject "Word Count" */ = {
			isa = XCConfigurationList;
			buildConfigurations = (
				6DFA8EF71B1D1DE1008E11F2 /* Debug */,
				6DFA8EF81B1D1DE1008E11F2 /* Release */,
			);
			defaultConfigurationIsVisible = 0;
			defaultConfigurationName = Release;
		};
		6DFA8EF91B1D1DE1008E11F2 /* Build configuration list for PBXNativeTarget "Word Count" */ = {
			isa = XCConfigurationList;
			buildConfigurations = (
				6DFA8EFA1B1D1DE1008E11F2 /* Debug */,
				6DFA8EFB1B1D1DE1008E11F2 /* Release */,
			);
			defaultConfigurationIsVisible = 0;
			defaultConfigurationName = Release;
		};
		6DFA8EFC1B1D1DE1008E11F2 /* Build configuration list for PBXNativeTarget "Word CountTests" */ = {
			isa = XCConfigurationList;
			buildConfigurations = (
				6DFA8EFD1B1D1DE1008E11F2 /* Debug */,
				6DFA8EFE1B1D1DE1008E11F2 /* Release */,
			);
			defaultConfigurationIsVisible = 0;
			defaultConfigurationName = Release;
		};
/* End XCConfigurationList section */
	};
	rootObject = 6DFA8ED21B1D1DE1008E11F2 /* Project object */;
}
